
Microsoft Visual Studio Solution File, Format Version 12.00
# Visual Studio Version 17
VisualStudioVersion = 17.1.32210.238
MinimumVisualStudioVersion = 10.0.40219.1
Project("{FAE04EC0-301F-11D3-BF4B-00C04F79EFBC}") = "Tetris", "Tetris\Tetris.csproj", "{8F2C93C5-692A-48FC-A223-AFAD8775EE45}"
EndProject
Global
	GlobalSection(SolutionConfigurationPlatforms) = preSolution
		Debug|Any CPU = Debug|Any CPU
		Release|Any CPU = Release|Any CPU
	EndGlobalSection
	GlobalSection(ProjectConfigurationPlatforms) = postSolution
		{8F2C93C5-692A-48FC-A223-AFAD8775EE45}.Debug|Any CPU.ActiveCfg = Debug|Any CPU
		{8F2C93C5-692A-48FC-A223-AFAD8775EE45}.Debug|Any CPU.Build.0 = Debug|Any CPU
		{8F2C93C5-692A-48FC-A223-AFAD8775EE45}.Release|Any CPU.ActiveCfg = Release|Any CPU
		{8F2C93C5-692A-48FC-A223-AFAD8775EE45}.Release|Any CPU.Build.0 = Release|Any CPU
	EndGlobalSection
	GlobalSection(SolutionProperties) = preSolution
		HideSolutionNode = FALSE
	EndGlobalSection
	GlobalSection(ExtensibilityGlobals) = postSolution
		SolutionGuid = {59040D86-BEA4-4620-AD27-942BD591DA8E}
	EndGlobalSection
EndGlobal
